
Microsoft Visual Studio Solution File, Format Version 12.00
# Visual Studio Version 16
VisualStudioVersion = 16.0.29424.173
MinimumVisualStudioVersion = 10.0.40219.1
Project("{9A19103F-16F7-4668-BE54-9A1E7A4F7556}") = "WebApplication26", "WebApplication26\WebApplication26.csproj", "{15C49F6B-1C1E-40EB-B832-185823E5AD41}"
EndProject
Project("{FAE04EC0-301F-11D3-BF4B-00C04F79EFBC}") = "WebApplication26Tests", "WebApplication26Tests\WebApplication26Tests.csproj", "{22880B1C-C33C-40B5-A3A1-0A84A8238BAD}"
EndProject
Global
	GlobalSection(SolutionConfigurationPlatforms) = preSolution
		Debug|Any CPU = Debug|Any CPU
		Release|Any CPU = Release|Any CPU
	EndGlobalSection
	GlobalSection(ProjectConfigurationPlatforms) = postSolution
		{15C49F6B-1C1E-40EB-B832-185823E5AD41}.Debug|Any CPU.ActiveCfg = Debug|Any CPU
		{15C49F6B-1C1E-40EB-B832-185823E5AD41}.Debug|Any CPU.Build.0 = Debug|Any CPU
		{15C49F6B-1C1E-40EB-B832-185823E5AD41}.Release|Any CPU.ActiveCfg = Release|Any CPU
		{15C49F6B-1C1E-40EB-B832-185823E5AD41}.Release|Any CPU.Build.0 = Release|Any CPU
		{22880B1C-C33C-40B5-A3A1-0A84A8238BAD}.Debug|Any CPU.ActiveCfg = Debug|Any CPU
		{22880B1C-C33C-40B5-A3A1-0A84A8238BAD}.Debug|Any CPU.Build.0 = Debug|Any CPU
		{22880B1C-C33C-40B5-A3A1-0A84A8238BAD}.Release|Any CPU.ActiveCfg = Release|Any CPU
		{22880B1C-C33C-40B5-A3A1-0A84A8238BAD}.Release|Any CPU.Build.0 = Release|Any CPU
	EndGlobalSection
	GlobalSection(SolutionProperties) = preSolution
		HideSolutionNode = FALSE
	EndGlobalSection
	GlobalSection(ExtensibilityGlobals) = postSolution
		SolutionGuid = {39F83BF2-3150-4879-B0F0-120F33E4B337}
	EndGlobalSection
EndGlobal
